{
  "originHash" : "017e4c1007cfe2f0841ee5229423cefe31c71fba798da6ef4e898642b645e814",
  "pins" : [
    {
      "identity" : "alt-rfid-ios-sdk",
      "kind" : "remoteSourceControl",
      "location" : "https://github.com/ZebraDevs/alt-rfid-ios-sdk",
      "state" : {
        "branch" : "main",
        "revision" : "0d450520eb700a96e10e0dbd8d1c3e13eed5f111"
      }
    }
  ],
  "version" : 3
}
